
Microsoft Visual Studio Solution File, Format Version 12.00
# Visual Studio Version 17
VisualStudioVersion = 17.14.36908.2
MinimumVisualStudioVersion = 10.0.40219.1
Project("{FAE04EC0-301F-11D3-BF4B-00C04F79EFBC}") = "BusinessLogicTest", "BusinessLogicTest\BusinessLogicTest.csproj", "{FE8F76F1-F702-4F4D-B508-AEE9295F66C4}"
EndProject
Project("{FAE04EC0-301F-11D3-BF4B-00C04F79EFBC}") = "BusinessLogicUnitTest", "BusinessLogicUnitTest\BusinessLogicUnitTest.csproj", "{440DFADB-DFD8-485B-A540-F35EE28AD0E2}"
EndProject
Project("{FAE04EC0-301F-11D3-BF4B-00C04F79EFBC}") = "RedundancyAppPlugins", "RedundancyAppPlugins\RedundancyAppPlugins.csproj", "{5558B9E3-B8A4-4065-B847-32CF4B1EDA0E}"
EndProject
Global
	GlobalSection(SolutionConfigurationPlatforms) = preSolution
		Debug|Any CPU = Debug|Any CPU
		Release|Any CPU = Release|Any CPU
	EndGlobalSection
	GlobalSection(ProjectConfigurationPlatforms) = postSolution
		{FE8F76F1-F702-4F4D-B508-AEE9295F66C4}.Debug|Any CPU.ActiveCfg = Debug|Any CPU
		{FE8F76F1-F702-4F4D-B508-AEE9295F66C4}.Debug|Any CPU.Build.0 = Debug|Any CPU
		{FE8F76F1-F702-4F4D-B508-AEE9295F66C4}.Release|Any CPU.ActiveCfg = Release|Any CPU
		{FE8F76F1-F702-4F4D-B508-AEE9295F66C4}.Release|Any CPU.Build.0 = Release|Any CPU
		{440DFADB-DFD8-485B-A540-F35EE28AD0E2}.Debug|Any CPU.ActiveCfg = Debug|Any CPU
		{440DFADB-DFD8-485B-A540-F35EE28AD0E2}.Debug|Any CPU.Build.0 = Debug|Any CPU
		{440DFADB-DFD8-485B-A540-F35EE28AD0E2}.Release|Any CPU.ActiveCfg = Release|Any CPU
		{440DFADB-DFD8-485B-A540-F35EE28AD0E2}.Release|Any CPU.Build.0 = Release|Any CPU
		{5558B9E3-B8A4-4065-B847-32CF4B1EDA0E}.Debug|Any CPU.ActiveCfg = Debug|Any CPU
		{5558B9E3-B8A4-4065-B847-32CF4B1EDA0E}.Debug|Any CPU.Build.0 = Debug|Any CPU
		{5558B9E3-B8A4-4065-B847-32CF4B1EDA0E}.Release|Any CPU.ActiveCfg = Release|Any CPU
		{5558B9E3-B8A4-4065-B847-32CF4B1EDA0E}.Release|Any CPU.Build.0 = Release|Any CPU
	EndGlobalSection
	GlobalSection(SolutionProperties) = preSolution
		HideSolutionNode = FALSE
	EndGlobalSection
	GlobalSection(ExtensibilityGlobals) = postSolution
		SolutionGuid = {D534F7AB-47C9-454A-BE45-1F25DAF2056E}
	EndGlobalSection
EndGlobal
